{
  "pins" : [
    {
      "identity" : "purchases-ios",
      "kind" : "remoteSourceControl",
      "location" : "https://github.com/RevenueCat/purchases-ios.git",
      "state" : {
        "revision" : "d70e3f43725d09db5e47012d8b5c6be1d1f1ea70",
        "version" : "4.31.0"
      }
    },
    {
      "identity" : "firebase-ios-sdk",
      "kind" : "remoteSourceControl",
      "location" : "https://github.com/firebase/firebase-ios-sdk.git",
      "state" : {
        "revision" : "be663e0905d25f8f666618ca9fc0ea541275ba64",
        "version" : "10.19.0"
      }
    }
  ],
  "version" : 2
}
